{
  "name": "_merge",
  "version": "1.0.0",
  "lockfileVersion": 1,
  "requires": true,
  "dependencies": {
    "merge": {
      "version": "1.2.1",
      "resolved": "https://registry.npm.taobao.org/merge/download/merge-1.2.1.tgz",
      "integrity": "sha1-OL6/gMMiCopIe2/Ps5QbsRcgwUU="
    }
  }
}
